{
  "version": 4,
  "terraform_version": "1.2.9",
  "serial": 116,
  "lineage": "63e1dc83-0e94-b14f-1c14-fb7792eec1aa",
  "outputs": {},
  "resources": [
    {
      "mode": "data",
      "type": "yandex_compute_image",
      "name": "nat-image",
      "provider": "provider[\"registry.terraform.io/yandex-cloud/yandex\"]",
      "instances": [
        {
          "schema_version": 0,
          "attributes": {
            "created_at": "2022-09-12T10:46:11Z",
            "description": "nat-instance-ubuntu",
            "family": "nat-instance-ubuntu",
            "folder_id": "standard-images",
            "id": "fd8v7ru46kt3s4o5f0uo",
            "image_id": "fd8v7ru46kt3s4o5f0uo",
            "labels": {},
            "min_disk_size": 3,
            "name": "nat-instance-ubuntu-18-04-lts-v20220912",
            "os_type": "linux",
            "pooled": true,
            "product_ids": [
              "f2e82m62kd032hrqpvkk",
              "f2er40p4cihncgaoch4o"
            ],
            "size": 2,
            "status": "ready"
          },
          "sensitive_attributes": []
        }
      ]
    },
    {
      "mode": "managed",
      "type": "yandex_compute_instance",
      "name": "proxy",
      "provider": "provider[\"registry.terraform.io/yandex-cloud/yandex\"]",
      "instances": [
        {
          "index_key": 0,
          "schema_version": 1,
          "attributes": {
            "allow_recreate": null,
            "allow_stopping_for_update": null,
            "boot_disk": [
              {
                "auto_delete": true,
                "device_name": "fhm1urklu58e4kbvdkr9",
                "disk_id": "fhm1urklu58e4kbvdkr9",
                "initialize_params": [
                  {
                    "block_size": 4096,
                    "description": "",
                    "image_id": "fd8v7ru46kt3s4o5f0uo",
                    "name": "",
                    "size": 10,
                    "snapshot_id": "",
                    "type": "network-hdd"
                  }
                ],
                "mode": "READ_WRITE"
              }
            ],
            "created_at": "2022-09-18T18:10:19Z",
            "description": "",
            "folder_id": "b1gvqlabvaa9rmlcvj0j",
            "fqdn": "proxy-msh762.ru-central1.internal",
            "hostname": "proxy-msh762",
            "id": "fhmjvuujbuqlno9a75c3",
            "labels": {},
            "local_disk": [],
            "metadata": {
              "ssh-keys": "ubuntu:ssh-rsa AAAAB3NzaC1yc2EAAAADAQABAAABgQDqWJbx1ThSaz1TMZcJ55yB5zFcInoJ7GCmrv6rKqEl588nUmJ70IaUFfFQ5X+KJ0ep+arEcSl5Y6FzVC6KuKr3y9pbYtts0Eon/Ozz94HPAYsG+Pr1PmRc7i9kP6ku3KpB3rexT0EqPvLf7nckXkmu4qLa0NH+g59q3xj0GiihrWuhfVIXAQtxrgpj5+wsSPGY3Yi5fDZBScuDocx1vbwi8sTRYDMk3mEJiyE7w0I0LSHjEXgi2YxTl2fHtHplK2frYYUN+MAwtKZVMQ7UjdOmJ2OsSh4qbDPYpRWYzjWXGhZm1VIDtZedOvR9aCIcPxzjEqMu7Aw9lOCHEYyUCu5UWTLFlwUh/Y8MbecmeI9N9S+WZMlSiYeG9x7n6nD/FzNwAPr/eU3ZKiVakHMhjMZIWo0nfvt64r2KBAQJZAmyRw440kzotwkJy08v9lwac1nmYRls2/3CM/1paI0Fp1p2td+w/Ln4xK4eL3xTT2O/4pLEYNUfA+uprXhmmPwk7zk= mikhail@Lenovo-B560\n"
            },
            "name": "proxy-msh762",
            "network_acceleration_type": "standard",
            "network_interface": [
              {
                "dns_record": [],
                "index": 0,
                "ip_address": "192.168.100.10",
                "ipv4": true,
                "ipv6": false,
                "ipv6_address": "",
                "ipv6_dns_record": [],
                "mac_address": "d0:0d:13:ff:bd:35",
                "nat": true,
                "nat_dns_record": [],
                "nat_ip_address": "178.154.206.63",
                "nat_ip_version": "IPV4",
                "security_group_ids": [],
                "subnet_id": "e9bms59t2s29mund11ka"
              }
            ],
            "placement_policy": [
              {
                "host_affinity_rules": [],
                "placement_group_id": ""
              }
            ],
            "platform_id": "standard-v1",
            "resources": [
              {
                "core_fraction": 20,
                "cores": 4,
                "gpus": 0,
                "memory": 4
              }
            ],
            "scheduling_policy": [
              {
                "preemptible": true
              }
            ],
            "secondary_disk": [],
            "service_account_id": "",
            "status": "running",
            "timeouts": null,
            "zone": "ru-central1-a"
          },
          "sensitive_attributes": [],
          "private": "eyJlMmJmYjczMC1lY2FhLTExZTYtOGY4OC0zNDM2M2JjN2M0YzAiOnsiY3JlYXRlIjozMDAwMDAwMDAwMDAsImRlbGV0ZSI6MzAwMDAwMDAwMDAwLCJ1cGRhdGUiOjMwMDAwMDAwMDAwMH0sInNjaGVtYV92ZXJzaW9uIjoiMSJ9",
          "dependencies": [
            "data.yandex_compute_image.nat-image",
            "yandex_vpc_network.default",
            "yandex_vpc_subnet.default"
          ]
        }
      ]
    },
    {
      "mode": "managed",
      "type": "yandex_vpc_network",
      "name": "default",
      "provider": "provider[\"registry.terraform.io/yandex-cloud/yandex\"]",
      "instances": [
        {
          "schema_version": 0,
          "attributes": {
            "created_at": "2022-09-18T18:10:16Z",
            "default_security_group_id": "",
            "description": "",
            "folder_id": "b1gvqlabvaa9rmlcvj0j",
            "id": "enpqdps4ebg9lqqjm6vd",
            "labels": {},
            "name": "net",
            "subnet_ids": [
              "e9b6ackqsk9i4shq6ilf",
              "e9bms59t2s29mund11ka"
            ],
            "timeouts": null
          },
          "sensitive_attributes": [],
          "private": "eyJlMmJmYjczMC1lY2FhLTExZTYtOGY4OC0zNDM2M2JjN2M0YzAiOnsiY3JlYXRlIjo2MDAwMDAwMDAwMCwiZGVsZXRlIjo2MDAwMDAwMDAwMCwidXBkYXRlIjo2MDAwMDAwMDAwMH19"
        }
      ]
    },
    {
      "mode": "managed",
      "type": "yandex_vpc_route_table",
      "name": "route-table",
      "provider": "provider[\"registry.terraform.io/yandex-cloud/yandex\"]",
      "instances": [
        {
          "schema_version": 0,
          "attributes": {
            "created_at": "2022-09-18T18:10:18Z",
            "description": "",
            "folder_id": "b1gvqlabvaa9rmlcvj0j",
            "id": "enpb218cn1mmc6mubr66",
            "labels": {},
            "name": "route-table",
            "network_id": "enpqdps4ebg9lqqjm6vd",
            "static_route": [
              {
                "destination_prefix": "0.0.0.0/0",
                "gateway_id": "",
                "next_hop_address": "192.168.100.10"
              }
            ],
            "timeouts": null
          },
          "sensitive_attributes": [],
          "private": "eyJlMmJmYjczMC1lY2FhLTExZTYtOGY4OC0zNDM2M2JjN2M0YzAiOnsiY3JlYXRlIjoxODAwMDAwMDAwMDAsImRlbGV0ZSI6MTgwMDAwMDAwMDAwLCJ1cGRhdGUiOjE4MDAwMDAwMDAwMH19",
          "dependencies": [
            "yandex_vpc_network.default"
          ]
        }
      ]
    },
    {
      "mode": "managed",
      "type": "yandex_vpc_subnet",
      "name": "default",
      "provider": "provider[\"registry.terraform.io/yandex-cloud/yandex\"]",
      "instances": [
        {
          "schema_version": 0,
          "attributes": {
            "created_at": "2022-09-18T18:10:18Z",
            "description": "",
            "dhcp_options": [],
            "folder_id": "b1gvqlabvaa9rmlcvj0j",
            "id": "e9bms59t2s29mund11ka",
            "labels": {},
            "name": "subnet",
            "network_id": "enpqdps4ebg9lqqjm6vd",
            "route_table_id": "",
            "timeouts": null,
            "v4_cidr_blocks": [
              "192.168.100.0/24"
            ],
            "v6_cidr_blocks": [],
            "zone": "ru-central1-a"
          },
          "sensitive_attributes": [],
          "private": "eyJlMmJmYjczMC1lY2FhLTExZTYtOGY4OC0zNDM2M2JjN2M0YzAiOnsiY3JlYXRlIjoxODAwMDAwMDAwMDAsImRlbGV0ZSI6MTgwMDAwMDAwMDAwLCJ1cGRhdGUiOjE4MDAwMDAwMDAwMH19",
          "dependencies": [
            "yandex_vpc_network.default"
          ]
        }
      ]
    },
    {
      "mode": "managed",
      "type": "yandex_vpc_subnet",
      "name": "default-nat",
      "provider": "provider[\"registry.terraform.io/yandex-cloud/yandex\"]",
      "instances": [
        {
          "schema_version": 0,
          "attributes": {
            "created_at": "2022-09-18T18:10:20Z",
            "description": "",
            "dhcp_options": [],
            "folder_id": "b1gvqlabvaa9rmlcvj0j",
            "id": "e9b6ackqsk9i4shq6ilf",
            "labels": {},
            "name": "subnet-nat",
            "network_id": "enpqdps4ebg9lqqjm6vd",
            "route_table_id": "enpb218cn1mmc6mubr66",
            "timeouts": null,
            "v4_cidr_blocks": [
              "192.168.120.0/24"
            ],
            "v6_cidr_blocks": [],
            "zone": "ru-central1-a"
          },
          "sensitive_attributes": [],
          "private": "eyJlMmJmYjczMC1lY2FhLTExZTYtOGY4OC0zNDM2M2JjN2M0YzAiOnsiY3JlYXRlIjoxODAwMDAwMDAwMDAsImRlbGV0ZSI6MTgwMDAwMDAwMDAwLCJ1cGRhdGUiOjE4MDAwMDAwMDAwMH19",
          "dependencies": [
            "yandex_vpc_network.default",
            "yandex_vpc_route_table.route-table"
          ]
        }
      ]
    },
    {
      "module": "module.dns_zone[\"msh762.ru\"]",
      "mode": "managed",
      "type": "yandex_dns_recordset",
      "name": "this",
      "provider": "provider[\"registry.terraform.io/yandex-cloud/yandex\"]",
      "instances": [
        {
          "index_key": " A",
          "schema_version": 0,
          "attributes": {
            "data": [
              "1.0.0.1"
            ],
            "id": "dns7pikkkn7f1r9sd5sl/msh762.ru./A",
            "name": "msh762.ru.",
            "timeouts": null,
            "ttl": 3600,
            "type": "A",
            "zone_id": "dns7pikkkn7f1r9sd5sl"
          },
          "sensitive_attributes": [],
          "private": "eyJlMmJmYjczMC1lY2FhLTExZTYtOGY4OC0zNDM2M2JjN2M0YzAiOnsiY3JlYXRlIjozMDAwMDAwMDAwMDAsImRlbGV0ZSI6MzAwMDAwMDAwMDAwLCJ1cGRhdGUiOjMwMDAwMDAwMDAwMH19",
          "dependencies": [
            "module.dns_zone.yandex_dns_zone.this"
          ]
        },
        {
          "index_key": "alertmanager CNAME",
          "schema_version": 0,
          "attributes": {
            "data": [
              "msh762.ru."
            ],
            "id": "dns7pikkkn7f1r9sd5sl/alertmanager/CNAME",
            "name": "alertmanager",
            "timeouts": null,
            "ttl": 3600,
            "type": "CNAME",
            "zone_id": "dns7pikkkn7f1r9sd5sl"
          },
          "sensitive_attributes": [],
          "private": "eyJlMmJmYjczMC1lY2FhLTExZTYtOGY4OC0zNDM2M2JjN2M0YzAiOnsiY3JlYXRlIjozMDAwMDAwMDAwMDAsImRlbGV0ZSI6MzAwMDAwMDAwMDAwLCJ1cGRhdGUiOjMwMDAwMDAwMDAwMH19",
          "dependencies": [
            "module.dns_zone.yandex_dns_zone.this"
          ]
        },
        {
          "index_key": "gitlab CNAME",
          "schema_version": 0,
          "attributes": {
            "data": [
              "msh762.ru."
            ],
            "id": "dns7pikkkn7f1r9sd5sl/gitlab/CNAME",
            "name": "gitlab",
            "timeouts": null,
            "ttl": 3600,
            "type": "CNAME",
            "zone_id": "dns7pikkkn7f1r9sd5sl"
          },
          "sensitive_attributes": [],
          "private": "eyJlMmJmYjczMC1lY2FhLTExZTYtOGY4OC0zNDM2M2JjN2M0YzAiOnsiY3JlYXRlIjozMDAwMDAwMDAwMDAsImRlbGV0ZSI6MzAwMDAwMDAwMDAwLCJ1cGRhdGUiOjMwMDAwMDAwMDAwMH19",
          "dependencies": [
            "module.dns_zone.yandex_dns_zone.this"
          ]
        },
        {
          "index_key": "grafana CNAME",
          "schema_version": 0,
          "attributes": {
            "data": [
              "msh762.ru."
            ],
            "id": "dns7pikkkn7f1r9sd5sl/grafana/CNAME",
            "name": "grafana",
            "timeouts": null,
            "ttl": 3600,
            "type": "CNAME",
            "zone_id": "dns7pikkkn7f1r9sd5sl"
          },
          "sensitive_attributes": [],
          "private": "eyJlMmJmYjczMC1lY2FhLTExZTYtOGY4OC0zNDM2M2JjN2M0YzAiOnsiY3JlYXRlIjozMDAwMDAwMDAwMDAsImRlbGV0ZSI6MzAwMDAwMDAwMDAwLCJ1cGRhdGUiOjMwMDAwMDAwMDAwMH19",
          "dependencies": [
            "module.dns_zone.yandex_dns_zone.this"
          ]
        },
        {
          "index_key": "prometheus CNAME",
          "schema_version": 0,
          "attributes": {
            "data": [
              "msh762.ru."
            ],
            "id": "dns7pikkkn7f1r9sd5sl/prometheus/CNAME",
            "name": "prometheus",
            "timeouts": null,
            "ttl": 3600,
            "type": "CNAME",
            "zone_id": "dns7pikkkn7f1r9sd5sl"
          },
          "sensitive_attributes": [],
          "private": "eyJlMmJmYjczMC1lY2FhLTExZTYtOGY4OC0zNDM2M2JjN2M0YzAiOnsiY3JlYXRlIjozMDAwMDAwMDAwMDAsImRlbGV0ZSI6MzAwMDAwMDAwMDAwLCJ1cGRhdGUiOjMwMDAwMDAwMDAwMH19",
          "dependencies": [
            "module.dns_zone.yandex_dns_zone.this"
          ]
        },
        {
          "index_key": "www CNAME",
          "schema_version": 0,
          "attributes": {
            "data": [
              "msh762.ru."
            ],
            "id": "dns7pikkkn7f1r9sd5sl/www/CNAME",
            "name": "www",
            "timeouts": null,
            "ttl": 3600,
            "type": "CNAME",
            "zone_id": "dns7pikkkn7f1r9sd5sl"
          },
          "sensitive_attributes": [],
          "private": "eyJlMmJmYjczMC1lY2FhLTExZTYtOGY4OC0zNDM2M2JjN2M0YzAiOnsiY3JlYXRlIjozMDAwMDAwMDAwMDAsImRlbGV0ZSI6MzAwMDAwMDAwMDAwLCJ1cGRhdGUiOjMwMDAwMDAwMDAwMH19",
          "dependencies": [
            "module.dns_zone.yandex_dns_zone.this"
          ]
        }
      ]
    },
    {
      "module": "module.dns_zone[\"msh762.ru\"]",
      "mode": "managed",
      "type": "yandex_dns_zone",
      "name": "this",
      "provider": "provider[\"registry.terraform.io/yandex-cloud/yandex\"]",
      "instances": [
        {
          "schema_version": 0,
          "attributes": {
            "created_at": "2022-09-18T18:10:16Z",
            "description": "",
            "folder_id": "b1gvqlabvaa9rmlcvj0j",
            "id": "dns7pikkkn7f1r9sd5sl",
            "labels": {},
            "name": "msh762-ru-zone",
            "private_networks": [],
            "public": true,
            "timeouts": null,
            "zone": "msh762.ru."
          },
          "sensitive_attributes": [],
          "private": "eyJlMmJmYjczMC1lY2FhLTExZTYtOGY4OC0zNDM2M2JjN2M0YzAiOnsiY3JlYXRlIjozMDAwMDAwMDAwMDAsImRlbGV0ZSI6MzAwMDAwMDAwMDAwLCJ1cGRhdGUiOjMwMDAwMDAwMDAwMH19"
        }
      ]
    }
  ]
}
